<Project xmlns="http://schemas.microsoft.com/developer/msbuild/2003">
    <PropertyGroup>
        <ProjectGuid>{2B3C4D5E-6F78-90AB-CDEF-123456789012}</ProjectGuid>
        <ProjectVersion>20.1</ProjectVersion>
        <FrameworkType>None</FrameworkType>
        <Base>True</Base>
        <Config Condition="'$(Config)'==''">Debug</Config>
        <Platform Condition="'$(Platform)'==''">Win32</Platform>
        <TargetedPlatforms>1</TargetedPlatforms>
        <AppType>Console</AppType>
        <MainSource>Infra.IntegrationTests.dpr</MainSource>
    </PropertyGroup>
    <PropertyGroup Condition="'$(Config)'=='Base' or '$(Base)'!=''">
        <Base>true</Base>
    </PropertyGroup>
    <PropertyGroup Condition="('$(Platform)'=='Android' and '$(Base)'=='true') or '$(Base_Android)'!=''">
        <Base_Android>true</Base_Android>
        <CfgParent>Base</CfgParent>
        <Base>true</Base>
    </PropertyGroup>
    <PropertyGroup Condition="('$(Platform)'=='Android64' and '$(Base)'=='true') or '$(Base_Android64)'!=''">
        <Base_Android64>true</Base_Android64>
        <CfgParent>Base</CfgParent>
        <Base>true</Base>
    </PropertyGroup>
    <PropertyGroup Condition="('$(Platform)'=='iOSDevice64' and '$(Base)'=='true') or '$(Base_iOSDevice64)'!=''">
        <Base_iOSDevice64>true</Base_iOSDevice64>
        <CfgParent>Base</CfgParent>
        <Base>true</Base>
    </PropertyGroup>
    <PropertyGroup Condition="('$(Platform)'=='iOSSimARM64' and '$(Base)'=='true') or '$(Base_iOSSimARM64)'!=''">
        <Base_iOSSimARM64>true</Base_iOSSimARM64>
        <CfgParent>Base</CfgParent>
        <Base>true</Base>
    </PropertyGroup>
    <PropertyGroup Condition="('$(Platform)'=='Linux64' and '$(Base)'=='true') or '$(Base_Linux64)'!=''">
        <Base_Linux64>true</Base_Linux64>
        <CfgParent>Base</CfgParent>
        <Base>true</Base>
    </PropertyGroup>
    <PropertyGroup Condition="('$(Platform)'=='OSX64' and '$(Base)'=='true') or '$(Base_OSX64)'!=''">
        <Base_OSX64>true</Base_OSX64>
        <CfgParent>Base</CfgParent>
        <Base>true</Base>
    </PropertyGroup>
    <PropertyGroup Condition="('$(Platform)'=='OSXARM64' and '$(Base)'=='true') or '$(Base_OSXARM64)'!=''">
        <Base_OSXARM64>true</Base_OSXARM64>
        <CfgParent>Base</CfgParent>
        <Base>true</Base>
    </PropertyGroup>
    <PropertyGroup Condition="('$(Platform)'=='Win32' and '$(Base)'=='true') or '$(Base_Win32)'!=''">
        <Base_Win32>true</Base_Win32>
        <CfgParent>Base</CfgParent>
        <Base>true</Base>
    </PropertyGroup>
    <PropertyGroup Condition="('$(Platform)'=='Win64' and '$(Base)'=='true') or '$(Base_Win64)'!=''">
        <Base_Win64>true</Base_Win64>
        <CfgParent>Base</CfgParent>
        <Base>true</Base>
    </PropertyGroup>
    <PropertyGroup Condition="'$(Config)'=='Debug' or '$(Cfg_1)'!=''">
        <Cfg_1>true</Cfg_1>
        <CfgParent>Base</CfgParent>
        <Base>true</Base>
    </PropertyGroup>
    <PropertyGroup Condition="('$(Platform)'=='Win32' and '$(Cfg_1)'=='true') or '$(Cfg_1_Win32)'!=''">
        <Cfg_1_Win32>true</Cfg_1_Win32>
        <CfgParent>Cfg_1</CfgParent>
        <Cfg_1>true</Cfg_1>
        <Base>true</Base>
    </PropertyGroup>
    <PropertyGroup Condition="'$(Config)'=='Release' or '$(Cfg_2)'!=''">
        <Cfg_2>true</Cfg_2>
        <CfgParent>Base</CfgParent>
        <Base>true</Base>
    </PropertyGroup>
    <PropertyGroup Condition="('$(Platform)'=='Win32' and '$(Cfg_2)'=='true') or '$(Cfg_2_Win32)'!=''">
        <Cfg_2_Win32>true</Cfg_2_Win32>
        <CfgParent>Cfg_2</CfgParent>
        <Cfg_2>true</Cfg_2>
        <Base>true</Base>
    </PropertyGroup>
    <PropertyGroup Condition="'$(Base)'!=''">
        <DCC_DcuOutput>.\$(Platform)\$(Config)</DCC_DcuOutput>
        <DCC_ExeOutput>.\$(Platform)\$(Config)</DCC_ExeOutput>
        <DCC_E>false</DCC_E>
        <DCC_N>false</DCC_N>
        <DCC_S>false</DCC_S>
        <DCC_F>false</DCC_F>
        <DCC_K>false</DCC_K>
        <DCC_Namespace>System;Xml;Data;Datasnap;Web;Soap;$(DCC_Namespace)</DCC_Namespace>
        <UsingDelphiRTL>true</UsingDelphiRTL>
        <Icon_MainIcon>$(BDS)\bin\delphi_PROJECTICON.ico</Icon_MainIcon>
        <Icns_MainIcns>$(BDS)\bin\delphi_PROJECTICNS.icns</Icns_MainIcns>
        <DCC_UnitSearchPath>$(DUnitX);..\..\src\Common;..\..\src\Db;$(DCC_UnitSearchPath)</DCC_UnitSearchPath>
        <SanitizedProjectName>Infra_IntegrationTests</SanitizedProjectName>
        <VerInfo_Locale>1046</VerInfo_Locale>
        <VerInfo_Keys>CompanyName=;FileDescription=$(MSBuildProjectName);FileVersion=1.0.0.0;InternalName=;LegalCopyright=;LegalTrademarks=;OriginalFilename=;ProgramID=com.embarcadero.$(MSBuildProjectName);ProductName=$(MSBuildProjectName);ProductVersion=1.0.0.0;Comments=</VerInfo_Keys>
    </PropertyGroup>
    <PropertyGroup Condition="'$(Base_Win32)'!=''">
        <DCC_UsePackage>JvNet;vclwinx;DataSnapServer;ACBr_BPeDabpeESCPOS;ACBr_TCP;ACBr_ONE;ACBr_NFCom;bdertl;fmx;vclie;DbxCommonDriver;bindengine;IndyIPCommon;VCLRESTComponents;DBXMSSQLDriver;FireDACCommonODBC;emsclient;ACBr_OpenSSL;appanalytics;IndyProtocols;vclx;Skia.Package.RTL;dbxcds;vcledge;FmxTeeUI;ACBr_BoletoRL;DBXFirebirdDriver;ACBr_NFCeECFVirtual;JvAppFrm;FireDACSqliteDriver;DbxClientDriver;JclVcl;soapmidas;ACBr_NF3eDANF3eESCPOS;TeeUI;ACBr_PagFor;Jcl;dbexpress;JvManagedThreads;ACBr_Reinf;ACBr_NFSeXDanfseFPDF;inet;ACBr_BoletoFPDF;vcltouch;RtmRxDB290;JvDB;FireDACDBXDriver;fmxdae;JvCustom;CustomIPTransport;FireDACMSSQLDriver;JvSystem;ACBr_NFSeX;ZCore;ZParseSql;JvControls;ACBr_NFe;ACBr_CTeDacteRL;JvCrypt;JvJans;JvMM;IndySystem;ACBr_Diversos;ACBr_GNREGuiaRL;ACBr_NFSeXDanfseRL;ACBr_SAT;JvGlobus;ibxbindings;ACBr_CIOT;ACBr_TEFD;JclContainers;JvPageComps;vclFireDAC;ACBr_SPED;ACBr_CTe;ACBr_SATWS;FireDACCommon;DataSnapServerMidas;FireDACODBCDriver;emsserverresource;ACBr_SEF2;ACBr_LCDPR;ZComponent;bindcompdbx;rtl;FireDACMySQLDriver;frce;ACBr_BPe;DBXSqliteDriver;ACBr_Sintegra;DBXSybaseASEDriver;pckDiversos;JvRuntimeDesign;ACBr_Serial;ACBr_Comum;ACBr_MDFe;JvXPCtrls;RtmRxCtl290;ACBr_NFeDanfeESCPOS;vclimg;DataSnapFireDAC;inetdbxpress;FireDAC;JvDocking;JvDlgs;xmlrtl;ibxpress;dsnap;JvCmp;QRWRunDXE12_W64;FireDACDb2Driver;CPort_R;DBXOracleDriver;DBXInformixDriver;vclib;ACBr_SATECFVirtual;fmxobj;bindcompvclsmp;DataSnapNativeClient;IgnoreClick_D12;DatasnapConnectorsFreePascal;vcldbx;ACBr_NF3e;ACBr_PAF;ACBr_OpenDelivery;ACBr_NFeDanfeFPDF;ACBr_SPEDImportar;emshosting;FireDACCommonDriver;ACBr_ADRCST;ACBr_MTER;IndyIPClient;bindcompvclwinx;ACBr_Convenio115;UserControlD7_RT;emsedge;bindcompfmx;JvBands;inetdb;ibmonitor;FireDACASADriver;ACBr_LFD;Tee;vclactnband;fmxFireDAC;officeXPrt;FireDACInfxDriver;DBXMySQLDriver;VclSmp;ACBr_Ponto;DataSnapCommon;JvPascalInterpreter;fmxase;JvPluginSystem;DBXOdbcDriver;JvTimeFramework;dbrtl;FireDACOracleDriver;Skia.Package.FMX;ACBr_NFSeDanfseRL;ACBr_NFSe;TeeDB;ACBre_Social;FireDACMSAccDriver;DataSnapIndy10ServerTransport;JclDeveloperTools;DataSnapConnectors;ACBr_ANe;ACBr_SATExtratoRL;vcldsnap;DBXInterBaseDriver;FireDACMongoDBDriver;JvWizards;ACBR_DeSTDA;ACBr_GNRE;ACBr_EDI;FireDACTDataDriver;Skia.Package.VCL;vcldb;ACBr_Integrador;ACBr_PIXCD;JvCore;bindcomp;IndyCore;RESTBackendComponents;ZPlain;FireDACADSDriver;RESTComponents;IndyIPServer;vcl;dsnapxml;adortl;dsnapcon;DataSnapClient;DataSnapProviderClient;JvDotNetCtrls;JvHMI;ACBr_MDFeDamdfeRL;DBXDb2Driver;ACBr_Boleto;emsclientfiredac;FireDACPgDriver;FireDACDSDriver;JvPrintPreview;ACBr_BlocoX;ACBr_SATExtratoESCPOS;tethering;JvStdCtrls;ZDbc;bindcompvcl;ACBr_GTIN;SMCmpntD12;CloudService;DBXSybaseASADriver;ACBr_OFX;ACBr_PAFNFCe;FMXTee;ACBr_DebitoAutomatico;ACBr_NFeDanfeRL;soaprtl;soapserver;FireDACIBDriver;$(DCC_UsePackage)</DCC_UsePackage>
        <DCC_Namespace>Winapi;System.Win;Data.Win;Datasnap.Win;Web.Win;Soap.Win;Xml.Win;Bde;$(DCC_Namespace)</DCC_Namespace>
        <BT_BuildType>Debug</BT_BuildType>
        <VerInfo_Locale>1033</VerInfo_Locale>
        <Debugger_RunParams>gui</Debugger_RunParams>
        <Manifest_File>(None)</Manifest_File>
        <AppDPIAwarenessMode>none</AppDPIAwarenessMode>
    </PropertyGroup>
    <PropertyGroup Condition="'$(Cfg_1)'!=''">
        <DCC_Define>DEBUG;$(DCC_Define)</DCC_Define>
        <DCC_DebugDCUs>true</DCC_DebugDCUs>
        <DCC_Optimize>false</DCC_Optimize>
        <DCC_GenerateStackFrames>true</DCC_GenerateStackFrames>
        <DCC_DebugInfoInExe>true</DCC_DebugInfoInExe>
        <DCC_RemoteDebug>true</DCC_RemoteDebug>
        <DCC_IntegerOverflowCheck>true</DCC_IntegerOverflowCheck>
        <DCC_RangeChecking>true</DCC_RangeChecking>
    </PropertyGroup>
    <PropertyGroup Condition="'$(Cfg_1_Win32)'!=''">
        <DCC_RemoteDebug>false</DCC_RemoteDebug>
        <Debugger_RunParams>gui</Debugger_RunParams>
        <VerInfo_Locale>1033</VerInfo_Locale>
        <Manifest_File>(None)</Manifest_File>
        <AppDPIAwarenessMode>none</AppDPIAwarenessMode>
    </PropertyGroup>
    <PropertyGroup Condition="'$(Cfg_2)'!=''">
        <DCC_LocalDebugSymbols>false</DCC_LocalDebugSymbols>
        <DCC_Define>RELEASE;$(DCC_Define)</DCC_Define>
        <DCC_SymbolReferenceInfo>0</DCC_SymbolReferenceInfo>
        <DCC_DebugInformation>0</DCC_DebugInformation>
    </PropertyGroup>
    <PropertyGroup Condition="'$(Cfg_2_Win32)'!=''">
        <VerInfo_Locale>1033</VerInfo_Locale>
        <Manifest_File>(None)</Manifest_File>
        <AppDPIAwarenessMode>none</AppDPIAwarenessMode>
    </PropertyGroup>
    <ItemGroup>
        <DelphiCompile Include="$(MainSource)">
            <MainSource>MainSource</MainSource>
        </DelphiCompile>
        <DCCReference Include="TestConfig.pas"/>
        <DCCReference Include="Db.ConnectionTests.pas"/>
        <BuildConfiguration Include="Base">
            <Key>Base</Key>
        </BuildConfiguration>
        <BuildConfiguration Include="Debug">
            <Key>Cfg_1</Key>
            <CfgParent>Base</CfgParent>
        </BuildConfiguration>
        <BuildConfiguration Include="Release">
            <Key>Cfg_2</Key>
            <CfgParent>Base</CfgParent>
        </BuildConfiguration>
    </ItemGroup>
    <ProjectExtensions>
        <Borland.Personality>Delphi.Personality.12</Borland.Personality>
        <Borland.ProjectType>Application</Borland.ProjectType>
        <BorlandProject>
            <Delphi.Personality>
                <Source>
                    <Source Name="MainSource">Infra.IntegrationTests.dpr</Source>
                </Source>
                <Excluded_Packages>
                    <Excluded_Packages Name="$(BDSBIN)\dcloffice2k290.bpl">Microsoft Office 2000 Sample Automation Server Wrapper Components</Excluded_Packages>
                </Excluded_Packages>
            </Delphi.Personality>
            <Deployment Version="4">
                <DeployFile LocalName="Win32\Debug\RWeb.IntegrationTests.exe" Configuration="Debug" Class="ProjectOutput">
                    <Platform Name="Win32">
                        <RemoteName>RWeb_IntegrationTests.exe</RemoteName>
                        <Overwrite>true</Overwrite>
                    </Platform>
                </DeployFile>
                <DeployClass Name="AdditionalDebugSymbols">
                    <Platform Name="Win32">
                        <Operation>0</Operation>
                    </Platform>
                </DeployClass>
                <DeployClass Name="DebugSymbols">
                    <Platform Name="Win32">
                        <Operation>0</Operation>
                    </Platform>
                </DeployClass>
                <DeployClass Name="DependencyModule">
                    <Platform Name="Win32">
                        <Operation>0</Operation>
                        <Extensions>.dll;.bpl</Extensions>
                    </Platform>
                </DeployClass>
                <DeployClass Required="true" Name="DependencyPackage">
                    <Platform Name="Win32">
                        <Operation>0</Operation>
                        <Extensions>.bpl</Extensions>
                    </Platform>
                </DeployClass>
                <DeployClass Name="File">
                    <Platform Name="Win32">
                        <Operation>0</Operation>
                    </Platform>
                </DeployClass>
                <DeployClass Required="true" Name="ProjectOutput">
                    <Platform Name="Win32">
                        <Operation>0</Operation>
                    </Platform>
                </DeployClass>
                <DeployClass Name="ProjectUWPManifest">
                    <Platform Name="Win32">
                        <Operation>1</Operation>
                    </Platform>
                </DeployClass>
                <ProjectRoot Platform="Win32" Name="$(PROJECTNAME)"/>
            </Deployment>
            <Platforms>
                <Platform value="Android">False</Platform>
                <Platform value="Android64">False</Platform>
                <Platform value="iOSDevice64">False</Platform>
                <Platform value="iOSSimARM64">False</Platform>
                <Platform value="Linux64">False</Platform>
                <Platform value="OSX64">False</Platform>
                <Platform value="OSXARM64">False</Platform>
                <Platform value="Win32">True</Platform>
                <Platform value="Win64">False</Platform>
            </Platforms>
        </BorlandProject>
        <ProjectFileVersion>12</ProjectFileVersion>
    </ProjectExtensions>
    <Import Project="$(BDS)\Bin\CodeGear.Delphi.Targets" Condition="Exists('$(BDS)\Bin\CodeGear.Delphi.Targets')"/>
    <Import Project="$(APPDATA)\Embarcadero\$(BDSAPPDATABASEDIR)\$(PRODUCTVERSION)\UserTools.proj" Condition="Exists('$(APPDATA)\Embarcadero\$(BDSAPPDATABASEDIR)\$(PRODUCTVERSION)\UserTools.proj')"/>
    <Import Project="$(MSBuildProjectName).deployproj" Condition="Exists('$(MSBuildProjectName).deployproj')"/>
</Project>

